PODS:
  - Flutter (1.0.0)
  - integration_test (0.0.1):
    - Flutter
  - taskflow (1.0.0):
    - Flutter

DEPENDENCIES:
  - Flutter (from `Flutter`)
  - integration_test (from `.symlinks/plugins/integration_test/ios`)
  - taskflow (from `.symlinks/plugins/taskflow/ios`)

EXTERNAL SOURCES:
  Flutter:
    :path: Flutter
  integration_test:
    :path: ".symlinks/plugins/integration_test/ios"
  taskflow:
    :path: ".symlinks/plugins/taskflow/ios"

SPEC CHECKSUMS:
  Flutter: cabc95a1d2626b1b06e7179b784ebcf0c0cde467
  integration_test: 4a889634ef21a45d28d50d622cf412dc6d9f586e
  taskflow: c692361c03cd4a1aa60723f91aa03d814eb9094a

PODFILE CHECKSUM: 3c63482e143d1b91d2d2560aee9fb04ecc74ac7e

COCOAPODS: 1.16.2
